
Microsoft Visual Studio Solution File, Format Version 12.00
# Visual Studio Version 16
VisualStudioVersion = 16.0.31005.135
MinimumVisualStudioVersion = 10.0.40219.1
Project("{FAE04EC0-301F-11D3-BF4B-00C04F79EFBC}") = "SimpleMVVM", "SimpleMVVM\SimpleMVVM.csproj", "{8E395428-5919-41BA-AADE-9F3AD91868B2}"
EndProject
Project("{2150E333-8FDC-42A3-9474-1A3956D46DE8}") = "Assets", "Assets", "{BEC6D244-E037-461A-8EB9-AA37FA756081}"
	ProjectSection(SolutionItems) = preProject
		README.md = README.md
		ScreenShot.png = ScreenShot.png
	EndProjectSection
EndProject
Project("{FAE04EC0-301F-11D3-BF4B-00C04F79EFBC}") = "SimpleMVVM.Services", "SimpleMVVM.Services\SimpleMVVM.Services.csproj", "{A0194240-A434-45CD-BC8D-45FAD08AF682}"
EndProject
Project("{FAE04EC0-301F-11D3-BF4B-00C04F79EFBC}") = "SimpleMVVM.Uwp.Services", "SimpleMVVM.Uwp.Services\SimpleMVVM.Uwp.Services.csproj", "{42CB81F0-0724-439E-997D-70B3E86C7B05}"
EndProject
Project("{FAE04EC0-301F-11D3-BF4B-00C04F79EFBC}") = "SimpleMVVM.Models", "SimpleMVVM.Models\SimpleMVVM.Models.csproj", "{6C55CDB7-16D2-4E73-B211-332DCBA40F9C}"
EndProject
Global
	GlobalSection(SolutionConfigurationPlatforms) = preSolution
		Debug|Any CPU = Debug|Any CPU
		Debug|ARM = Debug|ARM
		Debug|ARM64 = Debug|ARM64
		Debug|x64 = Debug|x64
		Debug|x86 = Debug|x86
		Release|Any CPU = Release|Any CPU
		Release|ARM = Release|ARM
		Release|ARM64 = Release|ARM64
		Release|x64 = Release|x64
		Release|x86 = Release|x86
	EndGlobalSection
	GlobalSection(ProjectConfigurationPlatforms) = postSolution
		{8E395428-5919-41BA-AADE-9F3AD91868B2}.Debug|Any CPU.ActiveCfg = Debug|x86
		{8E395428-5919-41BA-AADE-9F3AD91868B2}.Debug|Any CPU.Build.0 = Debug|x86
		{8E395428-5919-41BA-AADE-9F3AD91868B2}.Debug|Any CPU.Deploy.0 = Debug|x86
		{8E395428-5919-41BA-AADE-9F3AD91868B2}.Debug|ARM.ActiveCfg = Debug|ARM
		{8E395428-5919-41BA-AADE-9F3AD91868B2}.Debug|ARM.Build.0 = Debug|ARM
		{8E395428-5919-41BA-AADE-9F3AD91868B2}.Debug|ARM.Deploy.0 = Debug|ARM
		{8E395428-5919-41BA-AADE-9F3AD91868B2}.Debug|ARM64.ActiveCfg = Debug|ARM64
		{8E395428-5919-41BA-AADE-9F3AD91868B2}.Debug|ARM64.Build.0 = Debug|ARM64
		{8E395428-5919-41BA-AADE-9F3AD91868B2}.Debug|ARM64.Deploy.0 = Debug|ARM64
		{8E395428-5919-41BA-AADE-9F3AD91868B2}.Debug|x64.ActiveCfg = Debug|x64
		{8E395428-5919-41BA-AADE-9F3AD91868B2}.Debug|x64.Build.0 = Debug|x64
		{8E395428-5919-41BA-AADE-9F3AD91868B2}.Debug|x64.Deploy.0 = Debug|x64
		{8E395428-5919-41BA-AADE-9F3AD91868B2}.Debug|x86.ActiveCfg = Debug|x86
		{8E395428-5919-41BA-AADE-9F3AD91868B2}.Debug|x86.Build.0 = Debug|x86
		{8E395428-5919-41BA-AADE-9F3AD91868B2}.Debug|x86.Deploy.0 = Debug|x86
		{8E395428-5919-41BA-AADE-9F3AD91868B2}.Release|Any CPU.ActiveCfg = Release|x86
		{8E395428-5919-41BA-AADE-9F3AD91868B2}.Release|ARM.ActiveCfg = Release|ARM
		{8E395428-5919-41BA-AADE-9F3AD91868B2}.Release|ARM.Build.0 = Release|ARM
		{8E395428-5919-41BA-AADE-9F3AD91868B2}.Release|ARM.Deploy.0 = Release|ARM
		{8E395428-5919-41BA-AADE-9F3AD91868B2}.Release|ARM64.ActiveCfg = Release|ARM64
		{8E395428-5919-41BA-AADE-9F3AD91868B2}.Release|ARM64.Build.0 = Release|ARM64
		{8E395428-5919-41BA-AADE-9F3AD91868B2}.Release|ARM64.Deploy.0 = Release|ARM64
		{8E395428-5919-41BA-AADE-9F3AD91868B2}.Release|x64.ActiveCfg = Release|x64
		{8E395428-5919-41BA-AADE-9F3AD91868B2}.Release|x64.Build.0 = Release|x64
		{8E395428-5919-41BA-AADE-9F3AD91868B2}.Release|x64.Deploy.0 = Release|x64
		{8E395428-5919-41BA-AADE-9F3AD91868B2}.Release|x86.ActiveCfg = Release|x86
		{8E395428-5919-41BA-AADE-9F3AD91868B2}.Release|x86.Build.0 = Release|x86
		{8E395428-5919-41BA-AADE-9F3AD91868B2}.Release|x86.Deploy.0 = Release|x86
		{A0194240-A434-45CD-BC8D-45FAD08AF682}.Debug|Any CPU.ActiveCfg = Debug|Any CPU
		{A0194240-A434-45CD-BC8D-45FAD08AF682}.Debug|Any CPU.Build.0 = Debug|Any CPU
		{A0194240-A434-45CD-BC8D-45FAD08AF682}.Debug|ARM.ActiveCfg = Debug|Any CPU
		{A0194240-A434-45CD-BC8D-45FAD08AF682}.Debug|ARM.Build.0 = Debug|Any CPU
		{A0194240-A434-45CD-BC8D-45FAD08AF682}.Debug|ARM64.ActiveCfg = Debug|Any CPU
		{A0194240-A434-45CD-BC8D-45FAD08AF682}.Debug|ARM64.Build.0 = Debug|Any CPU
		{A0194240-A434-45CD-BC8D-45FAD08AF682}.Debug|x64.ActiveCfg = Debug|Any CPU
		{A0194240-A434-45CD-BC8D-45FAD08AF682}.Debug|x64.Build.0 = Debug|Any CPU
		{A0194240-A434-45CD-BC8D-45FAD08AF682}.Debug|x86.ActiveCfg = Debug|Any CPU
		{A0194240-A434-45CD-BC8D-45FAD08AF682}.Debug|x86.Build.0 = Debug|Any CPU
		{A0194240-A434-45CD-BC8D-45FAD08AF682}.Release|Any CPU.ActiveCfg = Release|Any CPU
		{A0194240-A434-45CD-BC8D-45FAD08AF682}.Release|Any CPU.Build.0 = Release|Any CPU
		{A0194240-A434-45CD-BC8D-45FAD08AF682}.Release|ARM.ActiveCfg = Release|Any CPU
		{A0194240-A434-45CD-BC8D-45FAD08AF682}.Release|ARM.Build.0 = Release|Any CPU
		{A0194240-A434-45CD-BC8D-45FAD08AF682}.Release|ARM64.ActiveCfg = Release|Any CPU
		{A0194240-A434-45CD-BC8D-45FAD08AF682}.Release|ARM64.Build.0 = Release|Any CPU
		{A0194240-A434-45CD-BC8D-45FAD08AF682}.Release|x64.ActiveCfg = Release|Any CPU
		{A0194240-A434-45CD-BC8D-45FAD08AF682}.Release|x64.Build.0 = Release|Any CPU
		{A0194240-A434-45CD-BC8D-45FAD08AF682}.Release|x86.ActiveCfg = Release|Any CPU
		{A0194240-A434-45CD-BC8D-45FAD08AF682}.Release|x86.Build.0 = Release|Any CPU
		{42CB81F0-0724-439E-997D-70B3E86C7B05}.Debug|Any CPU.ActiveCfg = Debug|Any CPU
		{42CB81F0-0724-439E-997D-70B3E86C7B05}.Debug|Any CPU.Build.0 = Debug|Any CPU
		{42CB81F0-0724-439E-997D-70B3E86C7B05}.Debug|ARM.ActiveCfg = Debug|ARM
		{42CB81F0-0724-439E-997D-70B3E86C7B05}.Debug|ARM.Build.0 = Debug|ARM
		{42CB81F0-0724-439E-997D-70B3E86C7B05}.Debug|ARM64.ActiveCfg = Debug|ARM64
		{42CB81F0-0724-439E-997D-70B3E86C7B05}.Debug|ARM64.Build.0 = Debug|ARM64
		{42CB81F0-0724-439E-997D-70B3E86C7B05}.Debug|x64.ActiveCfg = Debug|x64
		{42CB81F0-0724-439E-997D-70B3E86C7B05}.Debug|x64.Build.0 = Debug|x64
		{42CB81F0-0724-439E-997D-70B3E86C7B05}.Debug|x86.ActiveCfg = Debug|x86
		{42CB81F0-0724-439E-997D-70B3E86C7B05}.Debug|x86.Build.0 = Debug|x86
		{42CB81F0-0724-439E-997D-70B3E86C7B05}.Release|Any CPU.ActiveCfg = Release|Any CPU
		{42CB81F0-0724-439E-997D-70B3E86C7B05}.Release|Any CPU.Build.0 = Release|Any CPU
		{42CB81F0-0724-439E-997D-70B3E86C7B05}.Release|ARM.ActiveCfg = Release|ARM
		{42CB81F0-0724-439E-997D-70B3E86C7B05}.Release|ARM.Build.0 = Release|ARM
		{42CB81F0-0724-439E-997D-70B3E86C7B05}.Release|ARM64.ActiveCfg = Release|ARM64
		{42CB81F0-0724-439E-997D-70B3E86C7B05}.Release|ARM64.Build.0 = Release|ARM64
		{42CB81F0-0724-439E-997D-70B3E86C7B05}.Release|x64.ActiveCfg = Release|x64
		{42CB81F0-0724-439E-997D-70B3E86C7B05}.Release|x64.Build.0 = Release|x64
		{42CB81F0-0724-439E-997D-70B3E86C7B05}.Release|x86.ActiveCfg = Release|x86
		{42CB81F0-0724-439E-997D-70B3E86C7B05}.Release|x86.Build.0 = Release|x86
		{6C55CDB7-16D2-4E73-B211-332DCBA40F9C}.Debug|Any CPU.ActiveCfg = Debug|Any CPU
		{6C55CDB7-16D2-4E73-B211-332DCBA40F9C}.Debug|Any CPU.Build.0 = Debug|Any CPU
		{6C55CDB7-16D2-4E73-B211-332DCBA40F9C}.Debug|ARM.ActiveCfg = Debug|Any CPU
		{6C55CDB7-16D2-4E73-B211-332DCBA40F9C}.Debug|ARM.Build.0 = Debug|Any CPU
		{6C55CDB7-16D2-4E73-B211-332DCBA40F9C}.Debug|ARM64.ActiveCfg = Debug|Any CPU
		{6C55CDB7-16D2-4E73-B211-332DCBA40F9C}.Debug|ARM64.Build.0 = Debug|Any CPU
		{6C55CDB7-16D2-4E73-B211-332DCBA40F9C}.Debug|x64.ActiveCfg = Debug|Any CPU
		{6C55CDB7-16D2-4E73-B211-332DCBA40F9C}.Debug|x64.Build.0 = Debug|Any CPU
		{6C55CDB7-16D2-4E73-B211-332DCBA40F9C}.Debug|x86.ActiveCfg = Debug|Any CPU
		{6C55CDB7-16D2-4E73-B211-332DCBA40F9C}.Debug|x86.Build.0 = Debug|Any CPU
		{6C55CDB7-16D2-4E73-B211-332DCBA40F9C}.Release|Any CPU.ActiveCfg = Release|Any CPU
		{6C55CDB7-16D2-4E73-B211-332DCBA40F9C}.Release|Any CPU.Build.0 = Release|Any CPU
		{6C55CDB7-16D2-4E73-B211-332DCBA40F9C}.Release|ARM.ActiveCfg = Release|Any CPU
		{6C55CDB7-16D2-4E73-B211-332DCBA40F9C}.Release|ARM.Build.0 = Release|Any CPU
		{6C55CDB7-16D2-4E73-B211-332DCBA40F9C}.Release|ARM64.ActiveCfg = Release|Any CPU
		{6C55CDB7-16D2-4E73-B211-332DCBA40F9C}.Release|ARM64.Build.0 = Release|Any CPU
		{6C55CDB7-16D2-4E73-B211-332DCBA40F9C}.Release|x64.ActiveCfg = Release|Any CPU
		{6C55CDB7-16D2-4E73-B211-332DCBA40F9C}.Release|x64.Build.0 = Release|Any CPU
		{6C55CDB7-16D2-4E73-B211-332DCBA40F9C}.Release|x86.ActiveCfg = Release|Any CPU
		{6C55CDB7-16D2-4E73-B211-332DCBA40F9C}.Release|x86.Build.0 = Release|Any CPU
	EndGlobalSection
	GlobalSection(SolutionProperties) = preSolution
		HideSolutionNode = FALSE
	EndGlobalSection
	GlobalSection(ExtensibilityGlobals) = postSolution
		SolutionGuid = {EB2DE924-0052-415C-8131-D334E701F729}
	EndGlobalSection
EndGlobal
